
Microsoft Visual Studio Solution File, Format Version 12.00
# Visual Studio Version 17
VisualStudioVersion = 17.2.32630.192
MinimumVisualStudioVersion = 10.0.40219.1
Project("{8BC9CEB8-8B4A-11D0-8D11-00A0C91BC942}") = "W5_Si_3_BacterialProblem", "W5_Si_3_BacterialProblem.vcxproj", "{A1789467-83DD-40D9-9EDB-7E534A81BBA5}"
EndProject
Global
	GlobalSection(SolutionConfigurationPlatforms) = preSolution
		Debug|x64 = Debug|x64
		Debug|x86 = Debug|x86
		Release|x64 = Release|x64
		Release|x86 = Release|x86
	EndGlobalSection
	GlobalSection(ProjectConfigurationPlatforms) = postSolution
		{A1789467-83DD-40D9-9EDB-7E534A81BBA5}.Debug|x64.ActiveCfg = Debug|x64
		{A1789467-83DD-40D9-9EDB-7E534A81BBA5}.Debug|x64.Build.0 = Debug|x64
		{A1789467-83DD-40D9-9EDB-7E534A81BBA5}.Debug|x86.ActiveCfg = Debug|Win32
		{A1789467-83DD-40D9-9EDB-7E534A81BBA5}.Debug|x86.Build.0 = Debug|Win32
		{A1789467-83DD-40D9-9EDB-7E534A81BBA5}.Release|x64.ActiveCfg = Release|x64
		{A1789467-83DD-40D9-9EDB-7E534A81BBA5}.Release|x64.Build.0 = Release|x64
		{A1789467-83DD-40D9-9EDB-7E534A81BBA5}.Release|x86.ActiveCfg = Release|Win32
		{A1789467-83DD-40D9-9EDB-7E534A81BBA5}.Release|x86.Build.0 = Release|Win32
	EndGlobalSection
	GlobalSection(SolutionProperties) = preSolution
		HideSolutionNode = FALSE
	EndGlobalSection
	GlobalSection(ExtensibilityGlobals) = postSolution
		SolutionGuid = {6D083A0A-3B43-49FA-8E44-FF2272A44593}
	EndGlobalSection
EndGlobal
